schema: '2.0'
stages:
  data_ingestion:
    cmd: python src/data/data_ingestion.py
    deps:
    - path: src/data/data_ingestion.py
      hash: md5
      md5: 8f7cd29227db15e69164878729895acd
      size: 3395
    params:
      params.yaml:
        data_ingestion.test_size: 0.25
    outs:
    - path: data/raw
      hash: md5
      md5: 4cb13be77d38db01f1457549ce0e0406.dir
      size: 649243
      nfiles: 2
  data_preprocessing:
    cmd: python src/data/data_preprocessing.py
    deps:
    - path: data/raw
      hash: md5
      md5: 4cb13be77d38db01f1457549ce0e0406.dir
      size: 649243
      nfiles: 2
    - path: src/data/data_preprocessing.py
      hash: md5
      md5: a0d0986f1695b3e851d0f37dad4451b8
      size: 2909
    outs:
    - path: data/interim
      hash: md5
      md5: 30f7068da4a57b080052004044763ab0.dir
      size: 401269
      nfiles: 2
  feature_engineering:
    cmd: python src/features/feature_engineering.py
    deps:
    - path: data/interim
      hash: md5
      md5: 30f7068da4a57b080052004044763ab0.dir
      size: 401269
      nfiles: 2
    - path: src/features/feature_engineering.py
      hash: md5
      md5: 0e46d59055f1d5d2c97c1c17462ddf39
      size: 3448
    params:
      params.yaml:
        feature_engineering.max_features: 50
    outs:
    - path: data/processed
      hash: md5
      md5: eac3fba7627aa7a0245fbe78c32c88f8.dir
      size: 51883
      nfiles: 2
    - path: models/vectorizer.pkl
      hash: md5
      md5: 850440d84dfc4fa77c9bbf22b1b68463
      size: 1866
  model_building:
    cmd: python src/model/model_building.py
    deps:
    - path: data/processed
      hash: md5
      md5: eac3fba7627aa7a0245fbe78c32c88f8.dir
      size: 51883
      nfiles: 2
    - path: src/model/model_building.py
      hash: md5
      md5: 0147f56dbbab9cf1065b67f3cf72e473
      size: 1859
    outs:
    - path: models/model.pkl
      hash: md5
      md5: f25c67e3e0984fab2d7953cea2a6e03d
      size: 1115
  model_evaluation:
    cmd: python src/model/model_evaluation.py
    deps:
    - path: models/model.pkl
      hash: md5
      md5: f25c67e3e0984fab2d7953cea2a6e03d
      size: 1115
    - path: src/model/model_evaluation.py
      hash: md5
      md5: b5bb08869ec6adfe41afd5790a2a76dc
      size: 5529
    outs:
    - path: reports/experiment_info.json
      hash: md5
      md5: 565c965afe37f75e85c2c3362d118137
      size: 82
    - path: reports/metrics.json
      hash: md5
      md5: 52f3e5133f2019d54a44aaa6efab118d
      size: 132
  model_registration:
    cmd: python src/model/register_model.py
    deps:
    - path: reports/experiment_info.json
      hash: md5
      md5: 565c965afe37f75e85c2c3362d118137
      size: 82
    - path: src/model/register_model.py
      hash: md5
      md5: b1dde73f514e2c5d6e9ed132ab7d3f25
      size: 3111
